
Microsoft Visual Studio Solution File, Format Version 12.00
# Visual Studio 14
VisualStudioVersion = 14.0.25420.1
MinimumVisualStudioVersion = 10.0.40219.1
Project("{FAE04EC0-301F-11D3-BF4B-00C04F79EFBC}") = "Server", "Obligarorio1\Server.csproj", "{1E53F0CE-F67F-4023-B1CE-9F39C16DCD69}"
EndProject
Project("{FAE04EC0-301F-11D3-BF4B-00C04F79EFBC}") = "Domain", "Domain\Domain.csproj", "{06A445AF-200A-430E-895D-52521C27FB3D}"
EndProject
Project("{FAE04EC0-301F-11D3-BF4B-00C04F79EFBC}") = "Client", "Client\Client.csproj", "{3EFF082D-17F3-48E8-B785-557DF0148A7A}"
	ProjectSection(ProjectDependencies) = postProject
		{EC4A6592-8FD8-44B7-AD20-7B7D88071603} = {EC4A6592-8FD8-44B7-AD20-7B7D88071603}
	EndProjectSection
EndProject
Project("{FAE04EC0-301F-11D3-BF4B-00C04F79EFBC}") = "Utils", "Utils\Utils.csproj", "{1D70A0CF-65DE-4F91-B287-1749279D8C51}"
EndProject
Project("{FAE04EC0-301F-11D3-BF4B-00C04F79EFBC}") = "LogServer", "LogServer\LogServer.csproj", "{C3327717-FC9A-4955-9DCE-5C8B9067C197}"
EndProject
Project("{FAE04EC0-301F-11D3-BF4B-00C04F79EFBC}") = "UserManagementServer", "UserManagementServer\UserManagementServer.csproj", "{EC4A6592-8FD8-44B7-AD20-7B7D88071603}"
EndProject
Project("{FAE04EC0-301F-11D3-BF4B-00C04F79EFBC}") = "UserManagementClient", "UserManagementClient\UserManagementClient.csproj", "{86A8DA14-837E-4BDE-9C8B-061AE6046DAC}"
	ProjectSection(ProjectDependencies) = postProject
		{EC4A6592-8FD8-44B7-AD20-7B7D88071603} = {EC4A6592-8FD8-44B7-AD20-7B7D88071603}
	EndProjectSection
EndProject
Project("{FAE04EC0-301F-11D3-BF4B-00C04F79EFBC}") = "Repository", "Repository\Repository.csproj", "{06D9D42E-602C-4DCA-B3C7-95954EC74891}"
EndProject
Project("{FAE04EC0-301F-11D3-BF4B-00C04F79EFBC}") = "HostMessageQueue", "HostMessageQueue\HostMessageQueue.csproj", "{3E451C11-8406-4B17-9441-A93CECBF1445}"
EndProject
Project("{FAE04EC0-301F-11D3-BF4B-00C04F79EFBC}") = "HostUserManagementServer", "HostUserManagementServer\HostUserManagementServer.csproj", "{43AA78CA-5CA6-4BC1-8405-6A9F030AE746}"
EndProject
Global
	GlobalSection(SolutionConfigurationPlatforms) = preSolution
		Debug|Any CPU = Debug|Any CPU
		Release|Any CPU = Release|Any CPU
	EndGlobalSection
	GlobalSection(ProjectConfigurationPlatforms) = postSolution
		{1E53F0CE-F67F-4023-B1CE-9F39C16DCD69}.Debug|Any CPU.ActiveCfg = Debug|Any CPU
		{1E53F0CE-F67F-4023-B1CE-9F39C16DCD69}.Debug|Any CPU.Build.0 = Debug|Any CPU
		{1E53F0CE-F67F-4023-B1CE-9F39C16DCD69}.Release|Any CPU.ActiveCfg = Release|Any CPU
		{1E53F0CE-F67F-4023-B1CE-9F39C16DCD69}.Release|Any CPU.Build.0 = Release|Any CPU
		{06A445AF-200A-430E-895D-52521C27FB3D}.Debug|Any CPU.ActiveCfg = Debug|Any CPU
		{06A445AF-200A-430E-895D-52521C27FB3D}.Debug|Any CPU.Build.0 = Debug|Any CPU
		{06A445AF-200A-430E-895D-52521C27FB3D}.Release|Any CPU.ActiveCfg = Release|Any CPU
		{06A445AF-200A-430E-895D-52521C27FB3D}.Release|Any CPU.Build.0 = Release|Any CPU
		{3EFF082D-17F3-48E8-B785-557DF0148A7A}.Debug|Any CPU.ActiveCfg = Debug|Any CPU
		{3EFF082D-17F3-48E8-B785-557DF0148A7A}.Debug|Any CPU.Build.0 = Debug|Any CPU
		{3EFF082D-17F3-48E8-B785-557DF0148A7A}.Release|Any CPU.ActiveCfg = Release|Any CPU
		{3EFF082D-17F3-48E8-B785-557DF0148A7A}.Release|Any CPU.Build.0 = Release|Any CPU
		{1D70A0CF-65DE-4F91-B287-1749279D8C51}.Debug|Any CPU.ActiveCfg = Debug|Any CPU
		{1D70A0CF-65DE-4F91-B287-1749279D8C51}.Debug|Any CPU.Build.0 = Debug|Any CPU
		{1D70A0CF-65DE-4F91-B287-1749279D8C51}.Release|Any CPU.ActiveCfg = Release|Any CPU
		{1D70A0CF-65DE-4F91-B287-1749279D8C51}.Release|Any CPU.Build.0 = Release|Any CPU
		{C3327717-FC9A-4955-9DCE-5C8B9067C197}.Debug|Any CPU.ActiveCfg = Debug|Any CPU
		{C3327717-FC9A-4955-9DCE-5C8B9067C197}.Debug|Any CPU.Build.0 = Debug|Any CPU
		{C3327717-FC9A-4955-9DCE-5C8B9067C197}.Release|Any CPU.ActiveCfg = Release|Any CPU
		{C3327717-FC9A-4955-9DCE-5C8B9067C197}.Release|Any CPU.Build.0 = Release|Any CPU
		{EC4A6592-8FD8-44B7-AD20-7B7D88071603}.Debug|Any CPU.ActiveCfg = Debug|Any CPU
		{EC4A6592-8FD8-44B7-AD20-7B7D88071603}.Debug|Any CPU.Build.0 = Debug|Any CPU
		{EC4A6592-8FD8-44B7-AD20-7B7D88071603}.Release|Any CPU.ActiveCfg = Release|Any CPU
		{EC4A6592-8FD8-44B7-AD20-7B7D88071603}.Release|Any CPU.Build.0 = Release|Any CPU
		{86A8DA14-837E-4BDE-9C8B-061AE6046DAC}.Debug|Any CPU.ActiveCfg = Debug|Any CPU
		{86A8DA14-837E-4BDE-9C8B-061AE6046DAC}.Debug|Any CPU.Build.0 = Debug|Any CPU
		{86A8DA14-837E-4BDE-9C8B-061AE6046DAC}.Release|Any CPU.ActiveCfg = Release|Any CPU
		{86A8DA14-837E-4BDE-9C8B-061AE6046DAC}.Release|Any CPU.Build.0 = Release|Any CPU
		{06D9D42E-602C-4DCA-B3C7-95954EC74891}.Debug|Any CPU.ActiveCfg = Debug|Any CPU
		{06D9D42E-602C-4DCA-B3C7-95954EC74891}.Debug|Any CPU.Build.0 = Debug|Any CPU
		{06D9D42E-602C-4DCA-B3C7-95954EC74891}.Release|Any CPU.ActiveCfg = Release|Any CPU
		{06D9D42E-602C-4DCA-B3C7-95954EC74891}.Release|Any CPU.Build.0 = Release|Any CPU
		{3E451C11-8406-4B17-9441-A93CECBF1445}.Debug|Any CPU.ActiveCfg = Debug|Any CPU
		{3E451C11-8406-4B17-9441-A93CECBF1445}.Debug|Any CPU.Build.0 = Debug|Any CPU
		{3E451C11-8406-4B17-9441-A93CECBF1445}.Release|Any CPU.ActiveCfg = Release|Any CPU
		{3E451C11-8406-4B17-9441-A93CECBF1445}.Release|Any CPU.Build.0 = Release|Any CPU
		{43AA78CA-5CA6-4BC1-8405-6A9F030AE746}.Debug|Any CPU.ActiveCfg = Debug|Any CPU
		{43AA78CA-5CA6-4BC1-8405-6A9F030AE746}.Debug|Any CPU.Build.0 = Debug|Any CPU
		{43AA78CA-5CA6-4BC1-8405-6A9F030AE746}.Release|Any CPU.ActiveCfg = Release|Any CPU
		{43AA78CA-5CA6-4BC1-8405-6A9F030AE746}.Release|Any CPU.Build.0 = Release|Any CPU
	EndGlobalSection
	GlobalSection(SolutionProperties) = preSolution
		HideSolutionNode = FALSE
	EndGlobalSection
EndGlobal
